# Code generated by `go run ./cmd/scannertools os-packages --refresh`; DO NOT EDIT.
schemaVersion: wolf.scanners/os-package-lock/v1
lockDigest: sha256:e6bcc420c38c9766fe9077325398c9590f133ec9fad946b71e8a5d37ac168720
policyDigest: sha256:737644a43d88fe9073bfa7c6c2089ad6892a8b03312a6425fac9877e7d4e33cb
snapshot: 20260811T120000Z
repositories:
    debian:
        type: debian_snapshot
        uri: https://snapshot.debian.org/archive/debian
        suite: trixie
        component: main
        releaseSHA256: sha256:e89b36ee4d4e03b06573468d52c2a8be91ebdbda754c192f9e1a731ad738652f
        indexes:
            amd64:
                url: https://snapshot.debian.org/archive/debian/20260811T120000Z/dists/trixie/main/binary-amd64/Packages.xz
                sha256: sha256:3ab4e811cf4f3e5a335d382c58cc19d85f1abe7a4ef4689160ca1f637fa0e9b3
            arm64:
                url: https://snapshot.debian.org/archive/debian/20260811T120000Z/dists/trixie/main/binary-arm64/Packages.xz
                sha256: sha256:753da751bbc7a679f48bd1b623ffd4479cb6861c426118284c76eb82909e4908
    debian-security:
        type: debian_snapshot
        uri: https://snapshot.debian.org/archive/debian-security
        suite: trixie-security
        component: main
        releaseSHA256: sha256:ff40732959cbf745e619814d57b4a2499138af5cd1d73db69f5d9cf633150adf
        indexes:
            amd64:
                url: https://snapshot.debian.org/archive/debian-security/20260811T120000Z/dists/trixie-security/main/binary-amd64/Packages.xz
                sha256: sha256:8521daa6921df7f90247bcbf5abe78eeef1301857d1e03eaeabe0ac80d48ee52
            arm64:
                url: https://snapshot.debian.org/archive/debian-security/20260811T120000Z/dists/trixie-security/main/binary-arm64/Packages.xz
                sha256: sha256:97999f95a8c080e57d2670b957294b57dac0becaa31b22ed9934702208c5fe62
    nodesource:
        type: apt_artifact
        uri: https://deb.nodesource.com/node_22.x
        suite: nodistro
        component: main
        indexes:
            amd64:
                url: https://deb.nodesource.com/node_22.x/dists/nodistro/main/binary-amd64/Packages.gz
                sha256: sha256:9646f96b6fd601ba6ce6d0d2f7e4b24c9aaa348ead4c09bb65d0e32036d6885b
            arm64:
                url: https://deb.nodesource.com/node_22.x/dists/nodistro/main/binary-arm64/Packages.gz
                sha256: sha256:34ae74046134c4b61e0a896e501dc5a63356056bf14713f3601017b5306ac7dd
variants:
    codeql:
        dockerfile: scanners/Dockerfile.codeql
        platforms:
            linux/amd64:
                packages:
                    - name: ca-certificates
                      version: "20250419"
                      architecture: all
                      source: debian
                      filename: pool/main/c/ca-certificates/ca-certificates_20250419_all.deb
                      sha256: sha256:ef590f89563aa4b46c8260d49d1cea0fc1b181d19e8df3782694706adf05c184
                    - name: curl
                      version: 8.14.1-2+deb13u4
                      architecture: amd64
                      source: debian
                      filename: pool/main/c/curl/curl_8.14.1-2+deb13u4_amd64.deb
                      sha256: sha256:7bd23df36e65ca32a5bbd81f67ca311b9e0c122212c70d0733f4e45d745789d2
                    - name: git
                      version: 1:2.47.3-0+deb13u1
                      architecture: amd64
                      source: debian
                      filename: pool/main/g/git/git_2.47.3-0+deb13u1_amd64.deb
                      sha256: sha256:3e35662fd5c46add561703e54031a1d8ad9df45811927689f0a51122b13be722
                    - name: unzip
                      version: 6.0-29
                      architecture: amd64
                      source: debian
                      filename: pool/main/u/unzip/unzip_6.0-29_amd64.deb
                      sha256: sha256:618df477d5b704e437cf8e6606d03af291ad0b33dcfb964d408f78d307933a95
    default:
        dockerfile: scanners/Dockerfile
        platforms:
            linux/amd64:
                packages:
                    - name: build-essential
                      version: "12.12"
                      architecture: amd64
                      source: debian
                      filename: pool/main/b/build-essential/build-essential_12.12_amd64.deb
                      sha256: sha256:a45159aebea0d98d6652ac5a56b7fff164a7733a7dc736b9f8715ca504519d3a
                    - name: ca-certificates
                      version: "20250419"
                      architecture: all
                      source: debian
                      filename: pool/main/c/ca-certificates/ca-certificates_20250419_all.deb
                      sha256: sha256:ef590f89563aa4b46c8260d49d1cea0fc1b181d19e8df3782694706adf05c184
                    - name: cppcheck
                      version: 2.17.1-2
                      architecture: amd64
                      source: debian
                      filename: pool/main/c/cppcheck/cppcheck_2.17.1-2_amd64.deb
                      sha256: sha256:b040d87c1b73c51437e3365d3dbb60d1b08be8a90d4a19dfe026ead0e5a478db
                    - name: curl
                      version: 8.14.1-2+deb13u4
                      architecture: amd64
                      source: debian
                      filename: pool/main/c/curl/curl_8.14.1-2+deb13u4_amd64.deb
                      sha256: sha256:7bd23df36e65ca32a5bbd81f67ca311b9e0c122212c70d0733f4e45d745789d2
                    - name: git
                      version: 1:2.47.3-0+deb13u1
                      architecture: amd64
                      source: debian
                      filename: pool/main/g/git/git_2.47.3-0+deb13u1_amd64.deb
                      sha256: sha256:3e35662fd5c46add561703e54031a1d8ad9df45811927689f0a51122b13be722
                    - name: gnupg
                      version: 2.4.7-21+deb13u1
                      architecture: all
                      source: debian
                      filename: pool/main/g/gnupg2/gnupg_2.4.7-21+deb13u1_all.deb
                      sha256: sha256:e68f0fd24a7a62f1112ae3e442564e134f21040492f11d1aefa7b18de93ebf6e
                    - name: gzip
                      version: 1.13-1
                      architecture: amd64
                      source: debian
                      filename: pool/main/g/gzip/gzip_1.13-1_amd64.deb
                      sha256: sha256:c98b1130f08ef6ac3932972c56be84cfc308ce1afa37105cb06aaf47ced2d078
                    - name: jq
                      version: 1.7.1-6+deb13u3
                      architecture: amd64
                      source: debian-security
                      filename: pool/updates/main/j/jq/jq_1.7.1-6+deb13u3_amd64.deb
                      sha256: sha256:4415dc18d4ea29d8e12d410dd8c71c567d44d8ec5e24afaed3aa7a149b063643
                    - name: libffi-dev
                      version: 3.4.8-2
                      architecture: amd64
                      source: debian
                      filename: pool/main/libf/libffi/libffi-dev_3.4.8-2_amd64.deb
                      sha256: sha256:76b2b80193a656733e1408ebec5371334be5fd48eb5f50ab99d6baf6081d0f1b
                    - name: libssl-dev
                      version: 3.5.6-1~deb13u2
                      architecture: amd64
                      source: debian
                      filename: pool/main/o/openssl/libssl-dev_3.5.6-1~deb13u2_amd64.deb
                      sha256: sha256:04250d9e51fc87ef6d539f36cf0b66668dd34beec101af56dc35198ea99cef00
                    - name: nodejs
                      version: 22.23.2-1nodesource1
                      architecture: amd64
                      source: nodesource
                      filename: pool/main/n/nodejs/nodejs_22.23.2-1nodesource1_amd64.deb
                      sha256: sha256:eed0c5f0ab411f28783f81f051fcf7928ae8bf833e2df11f48f3fa78270025cb
                      url: https://deb.nodesource.com/node_22.x/pool/main/n/nodejs/nodejs_22.23.2-1nodesource1_amd64.deb
                    - name: php-cli
                      version: 2:8.4+96
                      architecture: all
                      source: debian
                      filename: pool/main/p/php-defaults/php-cli_8.4+96_all.deb
                      sha256: sha256:d0fcdd0ac68456867d5ba23c962ee320c194b59f43036c9ae32b77c55066c4c1
                    - name: pkg-config
                      version: 1.8.1-4
                      architecture: amd64
                      source: debian
                      filename: pool/main/p/pkgconf/pkg-config_1.8.1-4_amd64.deb
                      sha256: sha256:385209ba52e5c97808bbdc2fc4da22aea9020f96fbab6fbfb144921c4a31d400
                    - name: python3
                      version: 3.13.5-1
                      architecture: amd64
                      source: debian
                      filename: pool/main/p/python3-defaults/python3_3.13.5-1_amd64.deb
                      sha256: sha256:c1388174dc7140e6c19a6dd39f8a0dcb38a835cd66c65644e0dded43d5223cb0
                    - name: python3-dev
                      version: 3.13.5-1
                      architecture: amd64
                      source: debian
                      filename: pool/main/p/python3-defaults/python3-dev_3.13.5-1_amd64.deb
                      sha256: sha256:fcaa0ceb2d55247fa47b541c3d0f33358be4af80cac3f04303e43779e2fbd0a7
                    - name: python3-pip
                      version: 25.1.1+dfsg-1
                      architecture: all
                      source: debian
                      filename: pool/main/p/python-pip/python3-pip_25.1.1+dfsg-1_all.deb
                      sha256: sha256:065695050e5fe10f162201a5bbe8759837427c76c95b5fe57b0701bcd6070c56
                    - name: python3-venv
                      version: 3.13.5-1
                      architecture: amd64
                      source: debian
                      filename: pool/main/p/python3-defaults/python3-venv_3.13.5-1_amd64.deb
                      sha256: sha256:744ea5038e645ed22299e1bca47f76169b5665dd640df3492bdd1e21eba6cb76
                    - name: ruby
                      version: 1:3.3+b1
                      architecture: amd64
                      source: debian
                      filename: pool/main/r/ruby-defaults/ruby_3.3+b1_amd64.deb
                      sha256: sha256:3d67e2079ac7e1842f4abecfa2ac8263a6761daa91f06559d6d2d1f897d0576d
                    - name: ruby-dev
                      version: 1:3.3+b1
                      architecture: amd64
                      source: debian
                      filename: pool/main/r/ruby-defaults/ruby-dev_3.3+b1_amd64.deb
                      sha256: sha256:b0527bd846a19f2a65cd80de2e8ee68371db05bc30abb3bd6f87c8b12fcc9a73
                    - name: shellcheck
                      version: 0.10.0-1
                      architecture: amd64
                      source: debian
                      filename: pool/main/s/shellcheck/shellcheck_0.10.0-1_amd64.deb
                      sha256: sha256:8b207f7d4421a46cec9e377c74d450e1717092b58ae3e7151cd5f85f639065cd
                    - name: tar
                      version: 1.35+dfsg-3.1
                      architecture: amd64
                      source: debian
                      filename: pool/main/t/tar/tar_1.35+dfsg-3.1_amd64.deb
                      sha256: sha256:214c02e1aa291076a3147b8a4c4cae02fadf4c67df629186e3e313726faef1de
                    - name: unzip
                      version: 6.0-29
                      architecture: amd64
                      source: debian
                      filename: pool/main/u/unzip/unzip_6.0-29_amd64.deb
                      sha256: sha256:618df477d5b704e437cf8e6606d03af291ad0b33dcfb964d408f78d307933a95
                    - name: wget
                      version: 1.25.0-2
                      architecture: amd64
                      source: debian
                      filename: pool/main/w/wget/wget_1.25.0-2_amd64.deb
                      sha256: sha256:5649cad63c781b2dcf5a7b87d70b3bf789291cd0d6bcabc4d521211f94980683
                    - name: xz-utils
                      version: 5.8.1-1+deb13u1
                      architecture: amd64
                      source: debian
                      filename: pool/main/x/xz-utils/xz-utils_5.8.1-1+deb13u1_amd64.deb
                      sha256: sha256:9e0a39d95373afdaad3c9dfaab3c8b0beb9a2c4654e6be10b4bcf458509a3217
            linux/arm64:
                packages:
                    - name: build-essential
                      version: "12.12"
                      architecture: arm64
                      source: debian
                      filename: pool/main/b/build-essential/build-essential_12.12_arm64.deb
                      sha256: sha256:3278c93c699f9c12b6f7fe8e03393aa50d1c6b1c4b35da8f15b1c7bae67dc961
                    - name: ca-certificates
                      version: "20250419"
                      architecture: all
                      source: debian
                      filename: pool/main/c/ca-certificates/ca-certificates_20250419_all.deb
                      sha256: sha256:ef590f89563aa4b46c8260d49d1cea0fc1b181d19e8df3782694706adf05c184
                    - name: cppcheck
                      version: 2.17.1-2
                      architecture: arm64
                      source: debian
                      filename: pool/main/c/cppcheck/cppcheck_2.17.1-2_arm64.deb
                      sha256: sha256:7c29cbb8e40e239aaa14d6f01ccefbf4bcaa07e0b217e273556921aefc96e79e
                    - name: curl
                      version: 8.14.1-2+deb13u4
                      architecture: arm64
                      source: debian
                      filename: pool/main/c/curl/curl_8.14.1-2+deb13u4_arm64.deb
                      sha256: sha256:9881fbb76558c576488c90e0a1cb1cc2d2154b1e39a70dd44e2b736200146afe
                    - name: git
                      version: 1:2.47.3-0+deb13u1
                      architecture: arm64
                      source: debian
                      filename: pool/main/g/git/git_2.47.3-0+deb13u1_arm64.deb
                      sha256: sha256:8c6b1e96b226211260d7814472215a8a1ed38ee37400c421d454391c1807cb5a
                    - name: gnupg
                      version: 2.4.7-21+deb13u1
                      architecture: all
                      source: debian
                      filename: pool/main/g/gnupg2/gnupg_2.4.7-21+deb13u1_all.deb
                      sha256: sha256:e68f0fd24a7a62f1112ae3e442564e134f21040492f11d1aefa7b18de93ebf6e
                    - name: gzip
                      version: 1.13-1
                      architecture: arm64
                      source: debian
                      filename: pool/main/g/gzip/gzip_1.13-1_arm64.deb
                      sha256: sha256:cd46c9482fd3b96d4ecf282b01185ef9341b0ffcd40816372141f73037ce2c36
                    - name: jq
                      version: 1.7.1-6+deb13u3
                      architecture: arm64
                      source: debian-security
                      filename: pool/updates/main/j/jq/jq_1.7.1-6+deb13u3_arm64.deb
                      sha256: sha256:d35bc9f804784d39e7b89e63314a80f113d8a7ccbeb36cf0d3cc01c3a65312e2
                    - name: libffi-dev
                      version: 3.4.8-2
                      architecture: arm64
                      source: debian
                      filename: pool/main/libf/libffi/libffi-dev_3.4.8-2_arm64.deb
                      sha256: sha256:55f6d389cc954407cdba6e4ba5e7039dd2042d2ca8929d6f5eb49d6b97ba92de
                    - name: libssl-dev
                      version: 3.5.6-1~deb13u2
                      architecture: arm64
                      source: debian
                      filename: pool/main/o/openssl/libssl-dev_3.5.6-1~deb13u2_arm64.deb
                      sha256: sha256:afdd9c57261502a3a434ba606ddfd1e8fd0f288c663f2dc4f7570ce927867651
                    - name: nodejs
                      version: 22.23.2-1nodesource1
                      architecture: arm64
                      source: nodesource
                      filename: pool/main/n/nodejs/nodejs_22.23.2-1nodesource1_arm64.deb
                      sha256: sha256:0018ee0bf997fce587042a2382941dcfac9f404fb994a5c3267fe7d12d8d837b
                      url: https://deb.nodesource.com/node_22.x/pool/main/n/nodejs/nodejs_22.23.2-1nodesource1_arm64.deb
                    - name: php-cli
                      version: 2:8.4+96
                      architecture: all
                      source: debian
                      filename: pool/main/p/php-defaults/php-cli_8.4+96_all.deb
                      sha256: sha256:d0fcdd0ac68456867d5ba23c962ee320c194b59f43036c9ae32b77c55066c4c1
                    - name: pkg-config
                      version: 1.8.1-4
                      architecture: arm64
                      source: debian
                      filename: pool/main/p/pkgconf/pkg-config_1.8.1-4_arm64.deb
                      sha256: sha256:fef9662964fa4ff2ebbeefe076adffad79374f744274085c8ce931d5feb462a1
                    - name: python3
                      version: 3.13.5-1
                      architecture: arm64
                      source: debian
                      filename: pool/main/p/python3-defaults/python3_3.13.5-1_arm64.deb
                      sha256: sha256:8d5be256bf3bb4f07afce1aa86f0595c6939e1a6c2ea939bdcb7b36351cbe021
                    - name: python3-dev
                      version: 3.13.5-1
                      architecture: arm64
                      source: debian
                      filename: pool/main/p/python3-defaults/python3-dev_3.13.5-1_arm64.deb
                      sha256: sha256:3d7ef44b68d9d9cd8b33d9f1fa9238a9a608a247e9d3d1dff66699a479825f61
                    - name: python3-pip
                      version: 25.1.1+dfsg-1
                      architecture: all
                      source: debian
                      filename: pool/main/p/python-pip/python3-pip_25.1.1+dfsg-1_all.deb
                      sha256: sha256:065695050e5fe10f162201a5bbe8759837427c76c95b5fe57b0701bcd6070c56
                    - name: python3-venv
                      version: 3.13.5-1
                      architecture: arm64
                      source: debian
                      filename: pool/main/p/python3-defaults/python3-venv_3.13.5-1_arm64.deb
                      sha256: sha256:08d23753825316cbffb69011c9cda39a6cc4adc4d51ea808c8d68d9981573dda
                    - name: ruby
                      version: 1:3.3+b1
                      architecture: arm64
                      source: debian
                      filename: pool/main/r/ruby-defaults/ruby_3.3+b1_arm64.deb
                      sha256: sha256:c554e8849ed9fb0dfa6e517ea9382d21acdc19b73cc2f76f0aa3b29bf7d72149
                    - name: ruby-dev
                      version: 1:3.3+b1
                      architecture: arm64
                      source: debian
                      filename: pool/main/r/ruby-defaults/ruby-dev_3.3+b1_arm64.deb
                      sha256: sha256:1d9410b2207a6160b8c37e88ffb7383c9bfa774047b8e1bb6180f6a97f8490cd
                    - name: shellcheck
                      version: 0.10.0-1
                      architecture: arm64
                      source: debian
                      filename: pool/main/s/shellcheck/shellcheck_0.10.0-1_arm64.deb
                      sha256: sha256:35bffb007a2873c76258647b23110bd7ca8032e168918491e0ce37e8c54365d4
                    - name: tar
                      version: 1.35+dfsg-3.1
                      architecture: arm64
                      source: debian
                      filename: pool/main/t/tar/tar_1.35+dfsg-3.1_arm64.deb
                      sha256: sha256:c460a8294202ca3802b7c703b0bd70dd8bda1f2fc8785839595cf9d5e060d71b
                    - name: unzip
                      version: 6.0-29
                      architecture: arm64
                      source: debian
                      filename: pool/main/u/unzip/unzip_6.0-29_arm64.deb
                      sha256: sha256:040ab08e5eb5e3b467d6d5bd4d9527924deaf2d56154d3afac94046d4bd5a75a
                    - name: wget
                      version: 1.25.0-2
                      architecture: arm64
                      source: debian
                      filename: pool/main/w/wget/wget_1.25.0-2_arm64.deb
                      sha256: sha256:b5232cda342e4b6d6f5ebf309d4b1639e722837dd9fa0574997029302288c43b
                    - name: xz-utils
                      version: 5.8.1-1+deb13u1
                      architecture: arm64
                      source: debian
                      filename: pool/main/x/xz-utils/xz-utils_5.8.1-1+deb13u1_arm64.deb
                      sha256: sha256:07b6145c6c934d744c712c252b293ce506d427ea127c7f77b711c518aead54b3
    fixer-base:
        dockerfile: fixer/Dockerfile.base
        platforms:
            linux/amd64:
                packages:
                    - name: build-essential
                      version: "12.12"
                      architecture: amd64
                      source: debian
                      filename: pool/main/b/build-essential/build-essential_12.12_amd64.deb
                      sha256: sha256:a45159aebea0d98d6652ac5a56b7fff164a7733a7dc736b9f8715ca504519d3a
                    - name: ca-certificates
                      version: "20250419"
                      architecture: all
                      source: debian
                      filename: pool/main/c/ca-certificates/ca-certificates_20250419_all.deb
                      sha256: sha256:ef590f89563aa4b46c8260d49d1cea0fc1b181d19e8df3782694706adf05c184
                    - name: curl
                      version: 8.14.1-2+deb13u4
                      architecture: amd64
                      source: debian
                      filename: pool/main/c/curl/curl_8.14.1-2+deb13u4_amd64.deb
                      sha256: sha256:7bd23df36e65ca32a5bbd81f67ca311b9e0c122212c70d0733f4e45d745789d2
                    - name: git
                      version: 1:2.47.3-0+deb13u1
                      architecture: amd64
                      source: debian
                      filename: pool/main/g/git/git_2.47.3-0+deb13u1_amd64.deb
                      sha256: sha256:3e35662fd5c46add561703e54031a1d8ad9df45811927689f0a51122b13be722
                    - name: gzip
                      version: 1.13-1
                      architecture: amd64
                      source: debian
                      filename: pool/main/g/gzip/gzip_1.13-1_amd64.deb
                      sha256: sha256:c98b1130f08ef6ac3932972c56be84cfc308ce1afa37105cb06aaf47ced2d078
                    - name: jq
                      version: 1.7.1-6+deb13u3
                      architecture: amd64
                      source: debian-security
                      filename: pool/updates/main/j/jq/jq_1.7.1-6+deb13u3_amd64.deb
                      sha256: sha256:4415dc18d4ea29d8e12d410dd8c71c567d44d8ec5e24afaed3aa7a149b063643
                    - name: nodejs
                      version: 22.23.2-1nodesource1
                      architecture: amd64
                      source: nodesource
                      filename: pool/main/n/nodejs/nodejs_22.23.2-1nodesource1_amd64.deb
                      sha256: sha256:eed0c5f0ab411f28783f81f051fcf7928ae8bf833e2df11f48f3fa78270025cb
                      url: https://deb.nodesource.com/node_22.x/pool/main/n/nodejs/nodejs_22.23.2-1nodesource1_amd64.deb
                    - name: openssh-client
                      version: 1:10.0p1-7+deb13u4
                      architecture: amd64
                      source: debian
                      filename: pool/main/o/openssh/openssh-client_10.0p1-7+deb13u4_amd64.deb
                      sha256: sha256:8fff343654f86c3b3266f94cd338c7b4da2e386da029327815118ea00bce03b9
                    - name: pkg-config
                      version: 1.8.1-4
                      architecture: amd64
                      source: debian
                      filename: pool/main/p/pkgconf/pkg-config_1.8.1-4_amd64.deb
                      sha256: sha256:385209ba52e5c97808bbdc2fc4da22aea9020f96fbab6fbfb144921c4a31d400
                    - name: python3
                      version: 3.13.5-1
                      architecture: amd64
                      source: debian
                      filename: pool/main/p/python3-defaults/python3_3.13.5-1_amd64.deb
                      sha256: sha256:c1388174dc7140e6c19a6dd39f8a0dcb38a835cd66c65644e0dded43d5223cb0
                    - name: python3-venv
                      version: 3.13.5-1
                      architecture: amd64
                      source: debian
                      filename: pool/main/p/python3-defaults/python3-venv_3.13.5-1_amd64.deb
                      sha256: sha256:744ea5038e645ed22299e1bca47f76169b5665dd640df3492bdd1e21eba6cb76
                    - name: tar
                      version: 1.35+dfsg-3.1
                      architecture: amd64
                      source: debian
                      filename: pool/main/t/tar/tar_1.35+dfsg-3.1_amd64.deb
                      sha256: sha256:214c02e1aa291076a3147b8a4c4cae02fadf4c67df629186e3e313726faef1de
                    - name: unzip
                      version: 6.0-29
                      architecture: amd64
                      source: debian
                      filename: pool/main/u/unzip/unzip_6.0-29_amd64.deb
                      sha256: sha256:618df477d5b704e437cf8e6606d03af291ad0b33dcfb964d408f78d307933a95
                    - name: xz-utils
                      version: 5.8.1-1+deb13u1
                      architecture: amd64
                      source: debian
                      filename: pool/main/x/xz-utils/xz-utils_5.8.1-1+deb13u1_amd64.deb
                      sha256: sha256:9e0a39d95373afdaad3c9dfaab3c8b0beb9a2c4654e6be10b4bcf458509a3217
            linux/arm64:
                packages:
                    - name: build-essential
                      version: "12.12"
                      architecture: arm64
                      source: debian
                      filename: pool/main/b/build-essential/build-essential_12.12_arm64.deb
                      sha256: sha256:3278c93c699f9c12b6f7fe8e03393aa50d1c6b1c4b35da8f15b1c7bae67dc961
                    - name: ca-certificates
                      version: "20250419"
                      architecture: all
                      source: debian
                      filename: pool/main/c/ca-certificates/ca-certificates_20250419_all.deb
                      sha256: sha256:ef590f89563aa4b46c8260d49d1cea0fc1b181d19e8df3782694706adf05c184
                    - name: curl
                      version: 8.14.1-2+deb13u4
                      architecture: arm64
                      source: debian
                      filename: pool/main/c/curl/curl_8.14.1-2+deb13u4_arm64.deb
                      sha256: sha256:9881fbb76558c576488c90e0a1cb1cc2d2154b1e39a70dd44e2b736200146afe
                    - name: git
                      version: 1:2.47.3-0+deb13u1
                      architecture: arm64
                      source: debian
                      filename: pool/main/g/git/git_2.47.3-0+deb13u1_arm64.deb
                      sha256: sha256:8c6b1e96b226211260d7814472215a8a1ed38ee37400c421d454391c1807cb5a
                    - name: gzip
                      version: 1.13-1
                      architecture: arm64
                      source: debian
                      filename: pool/main/g/gzip/gzip_1.13-1_arm64.deb
                      sha256: sha256:cd46c9482fd3b96d4ecf282b01185ef9341b0ffcd40816372141f73037ce2c36
                    - name: jq
                      version: 1.7.1-6+deb13u3
                      architecture: arm64
                      source: debian-security
                      filename: pool/updates/main/j/jq/jq_1.7.1-6+deb13u3_arm64.deb
                      sha256: sha256:d35bc9f804784d39e7b89e63314a80f113d8a7ccbeb36cf0d3cc01c3a65312e2
                    - name: nodejs
                      version: 22.23.2-1nodesource1
                      architecture: arm64
                      source: nodesource
                      filename: pool/main/n/nodejs/nodejs_22.23.2-1nodesource1_arm64.deb
                      sha256: sha256:0018ee0bf997fce587042a2382941dcfac9f404fb994a5c3267fe7d12d8d837b
                      url: https://deb.nodesource.com/node_22.x/pool/main/n/nodejs/nodejs_22.23.2-1nodesource1_arm64.deb
                    - name: openssh-client
                      version: 1:10.0p1-7+deb13u4
                      architecture: arm64
                      source: debian
                      filename: pool/main/o/openssh/openssh-client_10.0p1-7+deb13u4_arm64.deb
                      sha256: sha256:e900c13c9a5267714fc2c2c1f369fe4a667c7dd4031266b1480250320f0bfcfb
                    - name: pkg-config
                      version: 1.8.1-4
                      architecture: arm64
                      source: debian
                      filename: pool/main/p/pkgconf/pkg-config_1.8.1-4_arm64.deb
                      sha256: sha256:fef9662964fa4ff2ebbeefe076adffad79374f744274085c8ce931d5feb462a1
                    - name: python3
                      version: 3.13.5-1
                      architecture: arm64
                      source: debian
                      filename: pool/main/p/python3-defaults/python3_3.13.5-1_arm64.deb
                      sha256: sha256:8d5be256bf3bb4f07afce1aa86f0595c6939e1a6c2ea939bdcb7b36351cbe021
                    - name: python3-venv
                      version: 3.13.5-1
                      architecture: arm64
                      source: debian
                      filename: pool/main/p/python3-defaults/python3-venv_3.13.5-1_arm64.deb
                      sha256: sha256:08d23753825316cbffb69011c9cda39a6cc4adc4d51ea808c8d68d9981573dda
                    - name: tar
                      version: 1.35+dfsg-3.1
                      architecture: arm64
                      source: debian
                      filename: pool/main/t/tar/tar_1.35+dfsg-3.1_arm64.deb
                      sha256: sha256:c460a8294202ca3802b7c703b0bd70dd8bda1f2fc8785839595cf9d5e060d71b
                    - name: unzip
                      version: 6.0-29
                      architecture: arm64
                      source: debian
                      filename: pool/main/u/unzip/unzip_6.0-29_arm64.deb
                      sha256: sha256:040ab08e5eb5e3b467d6d5bd4d9527924deaf2d56154d3afac94046d4bd5a75a
                    - name: xz-utils
                      version: 5.8.1-1+deb13u1
                      architecture: arm64
                      source: debian
                      filename: pool/main/x/xz-utils/xz-utils_5.8.1-1+deb13u1_arm64.deb
                      sha256: sha256:07b6145c6c934d744c712c252b293ce506d427ea127c7f77b711c518aead54b3
    jvm:
        dockerfile: scanners/Dockerfile.jvm
        platforms:
            linux/amd64:
                packages:
                    - name: ca-certificates
                      version: "20250419"
                      architecture: all
                      source: debian
                      filename: pool/main/c/ca-certificates/ca-certificates_20250419_all.deb
                      sha256: sha256:ef590f89563aa4b46c8260d49d1cea0fc1b181d19e8df3782694706adf05c184
                    - name: curl
                      version: 8.14.1-2+deb13u4
                      architecture: amd64
                      source: debian
                      filename: pool/main/c/curl/curl_8.14.1-2+deb13u4_amd64.deb
                      sha256: sha256:7bd23df36e65ca32a5bbd81f67ca311b9e0c122212c70d0733f4e45d745789d2
                    - name: openjdk-21-jdk-headless
                      version: 21.0.12+8-1~deb13u1
                      architecture: amd64
                      source: debian-security
                      filename: pool/updates/main/o/openjdk-21/openjdk-21-jdk-headless_21.0.12+8-1~deb13u1_amd64.deb
                      sha256: sha256:5e0626f93327bf220bfa18ae9c24c766b2b4cfc3225f8db1039152575417e539
                    - name: tar
                      version: 1.35+dfsg-3.1
                      architecture: amd64
                      source: debian
                      filename: pool/main/t/tar/tar_1.35+dfsg-3.1_amd64.deb
                      sha256: sha256:214c02e1aa291076a3147b8a4c4cae02fadf4c67df629186e3e313726faef1de
                    - name: unzip
                      version: 6.0-29
                      architecture: amd64
                      source: debian
                      filename: pool/main/u/unzip/unzip_6.0-29_amd64.deb
                      sha256: sha256:618df477d5b704e437cf8e6606d03af291ad0b33dcfb964d408f78d307933a95
                    - name: xz-utils
                      version: 5.8.1-1+deb13u1
                      architecture: amd64
                      source: debian
                      filename: pool/main/x/xz-utils/xz-utils_5.8.1-1+deb13u1_amd64.deb
                      sha256: sha256:9e0a39d95373afdaad3c9dfaab3c8b0beb9a2c4654e6be10b4bcf458509a3217
            linux/arm64:
                packages:
                    - name: ca-certificates
                      version: "20250419"
                      architecture: all
                      source: debian
                      filename: pool/main/c/ca-certificates/ca-certificates_20250419_all.deb
                      sha256: sha256:ef590f89563aa4b46c8260d49d1cea0fc1b181d19e8df3782694706adf05c184
                    - name: curl
                      version: 8.14.1-2+deb13u4
                      architecture: arm64
                      source: debian
                      filename: pool/main/c/curl/curl_8.14.1-2+deb13u4_arm64.deb
                      sha256: sha256:9881fbb76558c576488c90e0a1cb1cc2d2154b1e39a70dd44e2b736200146afe
                    - name: openjdk-21-jdk-headless
                      version: 21.0.12+8-1~deb13u1
                      architecture: arm64
                      source: debian-security
                      filename: pool/updates/main/o/openjdk-21/openjdk-21-jdk-headless_21.0.12+8-1~deb13u1_arm64.deb
                      sha256: sha256:c4c28cc584ad74c3e1a4a44f8f400a17dda9a840070116cd81bed411049546ca
                    - name: tar
                      version: 1.35+dfsg-3.1
                      architecture: arm64
                      source: debian
                      filename: pool/main/t/tar/tar_1.35+dfsg-3.1_arm64.deb
                      sha256: sha256:c460a8294202ca3802b7c703b0bd70dd8bda1f2fc8785839595cf9d5e060d71b
                    - name: unzip
                      version: 6.0-29
                      architecture: arm64
                      source: debian
                      filename: pool/main/u/unzip/unzip_6.0-29_arm64.deb
                      sha256: sha256:040ab08e5eb5e3b467d6d5bd4d9527924deaf2d56154d3afac94046d4bd5a75a
                    - name: xz-utils
                      version: 5.8.1-1+deb13u1
                      architecture: arm64
                      source: debian
                      filename: pool/main/x/xz-utils/xz-utils_5.8.1-1+deb13u1_arm64.deb
                      sha256: sha256:07b6145c6c934d744c712c252b293ce506d427ea127c7f77b711c518aead54b3
    min:
        dockerfile: scanners/Dockerfile.min
        platforms:
            linux/amd64:
                packages:
                    - name: ca-certificates
                      version: "20250419"
                      architecture: all
                      source: debian
                      filename: pool/main/c/ca-certificates/ca-certificates_20250419_all.deb
                      sha256: sha256:ef590f89563aa4b46c8260d49d1cea0fc1b181d19e8df3782694706adf05c184
                    - name: curl
                      version: 8.14.1-2+deb13u4
                      architecture: amd64
                      source: debian
                      filename: pool/main/c/curl/curl_8.14.1-2+deb13u4_amd64.deb
                      sha256: sha256:7bd23df36e65ca32a5bbd81f67ca311b9e0c122212c70d0733f4e45d745789d2
                    - name: python3
                      version: 3.13.5-1
                      architecture: amd64
                      source: debian
                      filename: pool/main/p/python3-defaults/python3_3.13.5-1_amd64.deb
                      sha256: sha256:c1388174dc7140e6c19a6dd39f8a0dcb38a835cd66c65644e0dded43d5223cb0
                    - name: python3-pip
                      version: 25.1.1+dfsg-1
                      architecture: all
                      source: debian
                      filename: pool/main/p/python-pip/python3-pip_25.1.1+dfsg-1_all.deb
                      sha256: sha256:065695050e5fe10f162201a5bbe8759837427c76c95b5fe57b0701bcd6070c56
                    - name: python3-venv
                      version: 3.13.5-1
                      architecture: amd64
                      source: debian
                      filename: pool/main/p/python3-defaults/python3-venv_3.13.5-1_amd64.deb
                      sha256: sha256:744ea5038e645ed22299e1bca47f76169b5665dd640df3492bdd1e21eba6cb76
            linux/arm64:
                packages:
                    - name: ca-certificates
                      version: "20250419"
                      architecture: all
                      source: debian
                      filename: pool/main/c/ca-certificates/ca-certificates_20250419_all.deb
                      sha256: sha256:ef590f89563aa4b46c8260d49d1cea0fc1b181d19e8df3782694706adf05c184
                    - name: curl
                      version: 8.14.1-2+deb13u4
                      architecture: arm64
                      source: debian
                      filename: pool/main/c/curl/curl_8.14.1-2+deb13u4_arm64.deb
                      sha256: sha256:9881fbb76558c576488c90e0a1cb1cc2d2154b1e39a70dd44e2b736200146afe
                    - name: python3
                      version: 3.13.5-1
                      architecture: arm64
                      source: debian
                      filename: pool/main/p/python3-defaults/python3_3.13.5-1_arm64.deb
                      sha256: sha256:8d5be256bf3bb4f07afce1aa86f0595c6939e1a6c2ea939bdcb7b36351cbe021
                    - name: python3-pip
                      version: 25.1.1+dfsg-1
                      architecture: all
                      source: debian
                      filename: pool/main/p/python-pip/python3-pip_25.1.1+dfsg-1_all.deb
                      sha256: sha256:065695050e5fe10f162201a5bbe8759837427c76c95b5fe57b0701bcd6070c56
                    - name: python3-venv
                      version: 3.13.5-1
                      architecture: arm64
                      source: debian
                      filename: pool/main/p/python3-defaults/python3-venv_3.13.5-1_arm64.deb
                      sha256: sha256:08d23753825316cbffb69011c9cda39a6cc4adc4d51ea808c8d68d9981573dda
    rust:
        dockerfile: scanners/Dockerfile.rust
        platforms:
            linux/amd64:
                packages:
                    - name: build-essential
                      version: "12.12"
                      architecture: amd64
                      source: debian
                      filename: pool/main/b/build-essential/build-essential_12.12_amd64.deb
                      sha256: sha256:a45159aebea0d98d6652ac5a56b7fff164a7733a7dc736b9f8715ca504519d3a
                    - name: ca-certificates
                      version: "20250419"
                      architecture: all
                      source: debian
                      filename: pool/main/c/ca-certificates/ca-certificates_20250419_all.deb
                      sha256: sha256:ef590f89563aa4b46c8260d49d1cea0fc1b181d19e8df3782694706adf05c184
                    - name: curl
                      version: 8.14.1-2+deb13u4
                      architecture: amd64
                      source: debian
                      filename: pool/main/c/curl/curl_8.14.1-2+deb13u4_amd64.deb
                      sha256: sha256:7bd23df36e65ca32a5bbd81f67ca311b9e0c122212c70d0733f4e45d745789d2
                    - name: libssl-dev
                      version: 3.5.6-1~deb13u2
                      architecture: amd64
                      source: debian
                      filename: pool/main/o/openssl/libssl-dev_3.5.6-1~deb13u2_amd64.deb
                      sha256: sha256:04250d9e51fc87ef6d539f36cf0b66668dd34beec101af56dc35198ea99cef00
                    - name: pkg-config
                      version: 1.8.1-4
                      architecture: amd64
                      source: debian
                      filename: pool/main/p/pkgconf/pkg-config_1.8.1-4_amd64.deb
                      sha256: sha256:385209ba52e5c97808bbdc2fc4da22aea9020f96fbab6fbfb144921c4a31d400
            linux/arm64:
                packages:
                    - name: build-essential
                      version: "12.12"
                      architecture: arm64
                      source: debian
                      filename: pool/main/b/build-essential/build-essential_12.12_arm64.deb
                      sha256: sha256:3278c93c699f9c12b6f7fe8e03393aa50d1c6b1c4b35da8f15b1c7bae67dc961
                    - name: ca-certificates
                      version: "20250419"
                      architecture: all
                      source: debian
                      filename: pool/main/c/ca-certificates/ca-certificates_20250419_all.deb
                      sha256: sha256:ef590f89563aa4b46c8260d49d1cea0fc1b181d19e8df3782694706adf05c184
                    - name: curl
                      version: 8.14.1-2+deb13u4
                      architecture: arm64
                      source: debian
                      filename: pool/main/c/curl/curl_8.14.1-2+deb13u4_arm64.deb
                      sha256: sha256:9881fbb76558c576488c90e0a1cb1cc2d2154b1e39a70dd44e2b736200146afe
                    - name: libssl-dev
                      version: 3.5.6-1~deb13u2
                      architecture: arm64
                      source: debian
                      filename: pool/main/o/openssl/libssl-dev_3.5.6-1~deb13u2_arm64.deb
                      sha256: sha256:afdd9c57261502a3a434ba606ddfd1e8fd0f288c663f2dc4f7570ce927867651
                    - name: pkg-config
                      version: 1.8.1-4
                      architecture: arm64
                      source: debian
                      filename: pool/main/p/pkgconf/pkg-config_1.8.1-4_arm64.deb
                      sha256: sha256:fef9662964fa4ff2ebbeefe076adffad79374f744274085c8ce931d5feb462a1
